// !$*UTF8*$!
{
	archiveVersion = 1;
	classes = {
	};
	objectVersion = 46;
	objects = {

/* Begin PBXBuildFile section */
		DE10C9301A46AE0A003FCDAE /* main.m in Sources */ = {isa = PBXBuildFile; fileRef = DE10C92F1A46AE0A003FCDAE /* main.m */; };
		DE10C9331A46AE0A003FCDAE /* AppDelegate.m in Sources */ = {isa = PBXBuildFile; fileRef = DE10C9321A46AE0A003FCDAE /* AppDelegate.m */; };
		DE10C9361A46AE0A003FCDAE /* ViewController.m in Sources */ = {isa = PBXBuildFile; fileRef = DE10C9351A46AE0A003FCDAE /* ViewController.m */; };
		DE10C9391A46AE0A003FCDAE /* Main.storyboard in Resources */ = {isa = PBXBuildFile; fileRef = DE10C9371A46AE0A003FCDAE /* Main.storyboard */; };
		DE10C93B1A46AE0A003FCDAE /* Images.xcassets in Resources */ = {isa = PBXBuildFile; fileRef = DE10C93A1A46AE0A003FCDAE /* Images.xcassets */; };
		DE10C93E1A46AE0A003FCDAE /* LaunchScreen.xib in Resources */ = {isa = PBXBuildFile; fileRef = DE10C93C1A46AE0A003FCDAE /* LaunchScreen.xib */; };
		DE10C94A1A46AE0A003FCDAE /* requestTests.m in Sources */ = {isa = PBXBuildFile; fileRef = DE10C9491A46AE0A003FCDAE /* requestTests.m */; };
/* End PBXBuildFile section */

/* Begin PBXContainerItemProxy section */
		DE10C9441A46AE0A003FCDAE /* PBXContainerItemProxy */ = {
			isa = PBXContainerItemProxy;
			containerPortal = DE10C9221A46AE0A003FCDAE /* Project object */;
			proxyType = 1;
			remoteGlobalIDString = DE10C9291A46AE0A003FCDAE;
			remoteInfo = request;
		};
/* End PBXContainerItemProxy section */

/* Begin PBXFileReference section */
		DE10C92A1A46AE0A003FCDAE /* request.app */ = {isa = PBXFileReference; explicitFileType = wrapper.application; includeInIndex = 0; path = request.app; sourceTree = BUILT_PRODUCTS_DIR; };
		DE10C92E1A46AE0A003FCDAE /* Info.plist */ = {isa = PBXFileReference; lastKnownFileType = text.plist.xml; path = Info.plist; sourceTree = "<group>"; };
		DE10C92F1A46AE0A003FCDAE /* main.m */ = {isa = PBXFileReference; lastKnownFileType = sourcecode.c.objc; path = main.m; sourceTree = "<group>"; };
		DE10C9311A46AE0A003FCDAE /* AppDelegate.h */ = {isa = PBXFileReference; lastKnownFileType = sourcecode.c.h; path = AppDelegate.h; sourceTree = "<group>"; };
		DE10C9321A46AE0A003FCDAE /* AppDelegate.m */ = {isa = PBXFileReference; lastKnownFileType = sourcecode.c.objc; path = AppDelegate.m; sourceTree = "<group>"; };
		DE10C9341A46AE0A003FCDAE /* ViewController.h */ = {isa = PBXFileReference; lastKnownFileType = sourcecode.c.h; path = ViewController.h; sourceTree = "<group>"; };
		DE10C9351A46AE0A003FCDAE /* ViewController.m */ = {isa = PBXFileReference; lastKnownFileType = sourcecode.c.objc; path = ViewController.m; sourceTree = "<group>"; };
		DE10C9381A46AE0A003FCDAE /* Base */ = {isa = PBXFileReference; lastKnownFileType = file.storyboard; name = Base; path = Base.lproj/Main.storyboard; sourceTree = "<group>"; };
		DE10C93A1A46AE0A003FCDAE /* Images.xcassets */ = {isa = PBXFileReference; lastKnownFileType = folder.assetcatalog; path = Images.xcassets; sourceTree = "<group>"; };
		DE10C93D1A46AE0A003FCDAE /* Base */ = {isa = PBXFileReference; lastKnownFileType = file.xib; name = Base; path = Base.lproj/LaunchScreen.xib; sourceTree = "<group>"; };
		DE10C9431A46AE0A003FCDAE /* requestTests.xctest */ = {isa = PBXFileReference; explicitFileType = wrapper.cfbundle; includeInIndex = 0; path = requestTests.xctest; sourceTree = BUILT_PRODUCTS_DIR; };
		DE10C9481A46AE0A003FCDAE /* Info.plist */ = {isa = PBXFileReference; lastKnownFileType = text.plist.xml; path = Info.plist; sourceTree = "<group>"; };
		DE10C9491A46AE0A003FCDAE /* requestTests.m */ = {isa = PBXFileReference; lastKnownFileType = sourcecode.c.objc; path = requestTests.m; sourceTree = "<group>"; };
/* End PBXFileReference section */

/* Begin PBXFrameworksBuildPhase section */
		DE10C9271A46AE0A003FCDAE /* Frameworks */ = {
			isa = PBXFrameworksBuildPhase;
			buildActionMask = 2147483647;
			files = (
			);
			runOnlyForDeploymentPostprocessing = 0;
		};
		DE10C9401A46AE0A003FCDAE /* Frameworks */ = {
			isa = PBXFrameworksBuildPhase;
			buildActionMask = 2147483647;
			files = (
			);
			runOnlyForDeploymentPostprocessing = 0;
		};
/* End PBXFrameworksBuildPhase section */

/* Begin PBXGroup section */
		DE10C9211A46AE0A003FCDAE = {
			isa = PBXGroup;
			children = (
				DE10C92C1A46AE0A003FCDAE /* request */,
				DE10C9461A46AE0A003FCDAE /* requestTests */,
				DE10C92B1A46AE0A003FCDAE /* Products */,
			);
			sourceTree = "<group>";
		};
		DE10C92B1A46AE0A003FCDAE /* Products */ = {
			isa = PBXGroup;
			children = (
				DE10C92A1A46AE0A003FCDAE /* request.app */,
				DE10C9431A46AE0A003FCDAE /* requestTests.xctest */,
			);
			name = Products;
			sourceTree = "<group>";
		};
		DE10C92C1A46AE0A003FCDAE /* request */ = {
			isa = PBXGroup;
			children = (
				DE10C9311A46AE0A003FCDAE /* AppDelegate.h */,
				DE10C9321A46AE0A003FCDAE /* AppDelegate.m */,
				DE10C9341A46AE0A003FCDAE /* ViewController.h */,
				DE10C9351A46AE0A003FCDAE /* ViewController.m */,
				DE10C9371A46AE0A003FCDAE /* Main.storyboard */,
				DE10C93A1A46AE0A003FCDAE /* Images.xcassets */,
				DE10C93C1A46AE0A003FCDAE /* LaunchScreen.xib */,
				DE10C92D1A46AE0A003FCDAE /* Supporting Files */,
			);
			path = request;
			sourceTree = "<group>";
		};
		DE10C92D1A46AE0A003FCDAE /* Supporting Files */ = {
			isa = PBXGroup;
			children = (
				DE10C92E1A46AE0A003FCDAE /* Info.plist */,
				DE10C92F1A46AE0A003FCDAE /* main.m */,
			);
			name = "Supporting Files";
			sourceTree = "<group>";
		};
		DE10C9461A46AE0A003FCDAE /* requestTests */ = {
			isa = PBXGroup;
			children = (
				DE10C9491A46AE0A003FCDAE /* requestTests.m */,
				DE10C9471A46AE0A003FCDAE /* Supporting Files */,
			);
			path = requestTests;
			sourceTree = "<group>";
		};
		DE10C9471A46AE0A003FCDAE /* Supporting Files */ = {
			isa = PBXGroup;
			children = (
				DE10C9481A46AE0A003FCDAE /* Info.plist */,
			);
			name = "Supporting Files";
			sourceTree = "<group>";
		};
/* End PBXGroup section */

/* Begin PBXNativeTarget section */
		DE10C9291A46AE0A003FCDAE /* request */ = {
			isa = PBXNativeTarget;
			buildConfigurationList = DE10C94D1A46AE0A003FCDAE /* Build configuration list for PBXNativeTarget "request" */;
			buildPhases = (
				DE10C9261A46AE0A003FCDAE /* Sources */,
				DE10C9271A46AE0A003FCDAE /* Frameworks */,
				DE10C9281A46AE0A003FCDAE /* Resources */,
			);
			buildRules = (
			);
			dependencies = (
			);
			name = request;
			productName = request;
			productReference = DE10C92A1A46AE0A003FCDAE /* request.app */;
			productType = "com.apple.product-type.application";
		};
		DE10C9421A46AE0A003FCDAE /* requestTests */ = {
			isa = PBXNativeTarget;
			buildConfigurationList = DE10C9501A46AE0A003FCDAE /* Build configuration list for PBXNativeTarget "requestTests" */;
			buildPhases = (
				DE10C93F1A46AE0A003FCDAE /* Sources */,
				DE10C9401A46AE0A003FCDAE /* Frameworks */,
				DE10C9411A46AE0A003FCDAE /* Resources */,
			);
			buildRules = (
			);
			dependencies = (
				DE10C9451A46AE0A003FCDAE /* PBXTargetDependency */,
			);
			name = requestTests;
			productName = requestTests;
			productReference = DE10C9431A46AE0A003FCDAE /* requestTests.xctest */;
			productType = "com.apple.product-type.bundle.unit-test";
		};
/* End PBXNativeTarget section */

/* Begin PBXProject section */
		DE10C9221A46AE0A003FCDAE /* Project object */ = {
			isa = PBXProject;
			attributes = {
				LastUpgradeCheck = 0610;
				ORGANIZATIONNAME = Saringkhan;
				TargetAttributes = {
					DE10C9291A46AE0A003FCDAE = {
						CreatedOnToolsVersion = 6.1;
					};
					DE10C9421A46AE0A003FCDAE = {
						CreatedOnToolsVersion = 6.1;
						TestTargetID = DE10C9291A46AE0A003FCDAE;
					};
				};
			};
			buildConfigurationList = DE10C9251A46AE0A003FCDAE /* Build configuration list for PBXProject "request" */;
			compatibilityVersion = "Xcode 3.2";
			developmentRegion = English;
			hasScannedForEncodings = 0;
			knownRegions = (
				en,
				Base,
			);
			mainGroup = DE10C9211A46AE0A003FCDAE;
			productRefGroup = DE10C92B1A46AE0A003FCDAE /* Products */;
			projectDirPath = "";
			projectRoot = "";
			targets = (
				DE10C9291A46AE0A003FCDAE /* request */,
				DE10C9421A46AE0A003FCDAE /* requestTests */,
			);
		};
/* End PBXProject section */

/* Begin PBXResourcesBuildPhase section */
		DE10C9281A46AE0A003FCDAE /* Resources */ = {
			isa = PBXResourcesBuildPhase;
			buildActionMask = 2147483647;
			files = (
				DE10C9391A46AE0A003FCDAE /* Main.storyboard in Resources */,
				DE10C93E1A46AE0A003FCDAE /* LaunchScreen.xib in Resources */,
				DE10C93B1A46AE0A003FCDAE /* Images.xcassets in Resources */,
			);
			runOnlyForDeploymentPostprocessing = 0;
		};
		DE10C9411A46AE0A003FCDAE /* Resources */ = {
			isa = PBXResourcesBuildPhase;
			buildActionMask = 2147483647;
			files = (
			);
			runOnlyForDeploymentPostprocessing = 0;
		};
/* End PBXResourcesBuildPhase section */

/* Begin PBXSourcesBuildPhase section */
		DE10C9261A46AE0A003FCDAE /* Sources */ = {
			isa = PBXSourcesBuildPhase;
			buildActionMask = 2147483647;
			files = (
				DE10C9361A46AE0A003FCDAE /* ViewController.m in Sources */,
				DE10C9331A46AE0A003FCDAE /* AppDelegate.m in Sources */,
				DE10C9301A46AE0A003FCDAE /* main.m in Sources */,
			);
			runOnlyForDeploymentPostprocessing = 0;
		};
		DE10C93F1A46AE0A003FCDAE /* Sources */ = {
			isa = PBXSourcesBuildPhase;
			buildActionMask = 2147483647;
			files = (
				DE10C94A1A46AE0A003FCDAE /* requestTests.m in Sources */,
			);
			runOnlyForDeploymentPostprocessing = 0;
		};
/* End PBXSourcesBuildPhase section */

/* Begin PBXTargetDependency section */
		DE10C9451A46AE0A003FCDAE /* PBXTargetDependency */ = {
			isa = PBXTargetDependency;
			target = DE10C9291A46AE0A003FCDAE /* request */;
			targetProxy = DE10C9441A46AE0A003FCDAE /* PBXContainerItemProxy */;
		};
/* End PBXTargetDependency section */

/* Begin PBXVariantGroup section */
		DE10C9371A46AE0A003FCDAE /* Main.storyboard */ = {
			isa = PBXVariantGroup;
			children = (
				DE10C9381A46AE0A003FCDAE /* Base */,
			);
			name = Main.storyboard;
			sourceTree = "<group>";
		};
		DE10C93C1A46AE0A003FCDAE /* LaunchScreen.xib */ = {
			isa = PBXVariantGroup;
			children = (
				DE10C93D1A46AE0A003FCDAE /* Base */,
			);
			name = LaunchScreen.xib;
			sourceTree = "<group>";
		};
/* End PBXVariantGroup section */

/* Begin XCBuildConfiguration section */
		DE10C94B1A46AE0A003FCDAE /* Debug */ = {
			isa = XCBuildConfiguration;
			buildSettings = {
				ALWAYS_SEARCH_USER_PATHS = NO;
				CLANG_CXX_LANGUAGE_STANDARD = "gnu++0x";
				CLANG_CXX_LIBRARY = "libc++";
				CLANG_ENABLE_MODULES = YES;
				CLANG_ENABLE_OBJC_ARC = YES;
				CLANG_WARN_BOOL_CONVERSION = YES;
				CLANG_WARN_CONSTANT_CONVERSION = YES;
				CLANG_WARN_DIRECT_OBJC_ISA_USAGE = YES_ERROR;
				CLANG_WARN_EMPTY_BODY = YES;
				CLANG_WARN_ENUM_CONVERSION = YES;
				CLANG_WARN_INT_CONVERSION = YES;
				CLANG_WARN_OBJC_ROOT_CLASS = YES_ERROR;
				CLANG_WARN_UNREACHABLE_CODE = YES;
				CLANG_WARN__DUPLICATE_METHOD_MATCH = YES;
				"CODE_SIGN_IDENTITY[sdk=iphoneos*]" = "iPhone Developer";
				COPY_PHASE_STRIP = NO;
				ENABLE_STRICT_OBJC_MSGSEND = YES;
				GCC_C_LANGUAGE_STANDARD = gnu99;
				GCC_DYNAMIC_NO_PIC = NO;
				GCC_OPTIMIZATION_LEVEL = 0;
				GCC_PREPROCESSOR_DEFINITIONS = (
					"DEBUG=1",
					"$(inherited)",
				);
				GCC_SYMBOLS_PRIVATE_EXTERN = NO;
				GCC_WARN_64_TO_32_BIT_CONVERSION = YES;
				GCC_WARN_ABOUT_RETURN_TYPE = YES_ERROR;
				GCC_WARN_UNDECLARED_SELECTOR = YES;
				GCC_WARN_UNINITIALIZED_AUTOS = YES_AGGRESSIVE;
				GCC_WARN_UNUSED_FUNCTION = YES;
				GCC_WARN_UNUSED_VARIABLE = YES;
				IPHONEOS_DEPLOYMENT_TARGET = 8.1;
				MTL_ENABLE_DEBUG_INFO = YES;
				ONLY_ACTIVE_ARCH = YES;
				SDKROOT = iphoneos;
				TARGETED_DEVICE_FAMILY = "1,2";
			};
			name = Debug;
		};
		DE10C94C1A46AE0A003FCDAE /* Release */ = {
			isa = XCBuildConfiguration;
			buildSettings = {
				ALWAYS_SEARCH_USER_PATHS = NO;
				CLANG_CXX_LANGUAGE_STANDARD = "gnu++0x";
				CLANG_CXX_LIBRARY = "libc++";
				CLANG_ENABLE_MODULES = YES;
				CLANG_ENABLE_OBJC_ARC = YES;
				CLANG_WARN_BOOL_CONVERSION = YES;
				CLANG_WARN_CONSTANT_CONVERSION = YES;
				CLANG_WARN_DIRECT_OBJC_ISA_USAGE = YES_ERROR;
				CLANG_WARN_EMPTY_BODY = YES;
				CLANG_WARN_ENUM_CONVERSION = YES;
				CLANG_WARN_INT_CONVERSION = YES;
				CLANG_WARN_OBJC_ROOT_CLASS = YES_ERROR;
				CLANG_WARN_UNREACHABLE_CODE = YES;
				CLANG_WARN__DUPLICATE_METHOD_MATCH = YES;
				"CODE_SIGN_IDENTITY[sdk=iphoneos*]" = "iPhone Developer";
				COPY_PHASE_STRIP = YES;
				ENABLE_NS_ASSERTIONS = NO;
				ENABLE_STRICT_OBJC_MSGSEND = YES;
				GCC_C_LANGUAGE_STANDARD = gnu99;
				GCC_WARN_64_TO_32_BIT_CONVERSION = YES;
				GCC_WARN_ABOUT_RETURN_TYPE = YES_ERROR;
				GCC_WARN_UNDECLARED_SELECTOR = YES;
				GCC_WARN_UNINITIALIZED_AUTOS = YES_AGGRESSIVE;
				GCC_WARN_UNUSED_FUNCTION = YES;
				GCC_WARN_UNUSED_VARIABLE = YES;
				IPHONEOS_DEPLOYMENT_TARGET = 8.1;
				MTL_ENABLE_DEBUG_INFO = NO;
				SDKROOT = iphoneos;
				TARGETED_DEVICE_FAMILY = "1,2";
				VALIDATE_PRODUCT = YES;
			};
			name = Release;
		};
		DE10C94E1A46AE0A003FCDAE /* Debug */ = {
			isa = XCBuildConfiguration;
			buildSettings = {
				ASSETCATALOG_COMPILER_APPICON_NAME = AppIcon;
				INFOPLIST_FILE = request/Info.plist;
				LD_RUNPATH_SEARCH_PATHS = "$(inherited) @executable_path/Frameworks";
				PRODUCT_NAME = "$(TARGET_NAME)";
			};
			name = Debug;
		};
		DE10C94F1A46AE0A003FCDAE /* Release */ = {
			isa = XCBuildConfiguration;
			buildSettings = {
				ASSETCATALOG_COMPILER_APPICON_NAME = AppIcon;
				INFOPLIST_FILE = request/Info.plist;
				LD_RUNPATH_SEARCH_PATHS = "$(inherited) @executable_path/Frameworks";
				PRODUCT_NAME = "$(TARGET_NAME)";
			};
			name = Release;
		};
		DE10C9511A46AE0A003FCDAE /* Debug */ = {
			isa = XCBuildConfiguration;
			buildSettings = {
				BUNDLE_LOADER = "$(TEST_HOST)";
				FRAMEWORK_SEARCH_PATHS = (
					"$(SDKROOT)/Developer/Library/Frameworks",
					"$(inherited)",
				);
				GCC_PREPROCESSOR_DEFINITIONS = (
					"DEBUG=1",
					"$(inherited)",
				);
				INFOPLIST_FILE = requestTests/Info.plist;
				LD_RUNPATH_SEARCH_PATHS = "$(inherited) @executable_path/Frameworks @loader_path/Frameworks";
				PRODUCT_NAME = "$(TARGET_NAME)";
				TEST_HOST = "$(BUILT_PRODUCTS_DIR)/request.app/request";
			};
			name = Debug;
		};
		DE10C9521A46AE0A003FCDAE /* Release */ = {
			isa = XCBuildConfiguration;
			buildSettings = {
				BUNDLE_LOADER = "$(TEST_HOST)";
				FRAMEWORK_SEARCH_PATHS = (
					"$(SDKROOT)/Developer/Library/Frameworks",
					"$(inherited)",
				);
				INFOPLIST_FILE = requestTests/Info.plist;
				LD_RUNPATH_SEARCH_PATHS = "$(inherited) @executable_path/Frameworks @loader_path/Frameworks";
				PRODUCT_NAME = "$(TARGET_NAME)";
				TEST_HOST = "$(BUILT_PRODUCTS_DIR)/request.app/request";
			};
			name = Release;
		};
/* End XCBuildConfiguration section */

/* Begin XCConfigurationList section */
		DE10C9251A46AE0A003FCDAE /* Build configuration list for PBXProject "request" */ = {
			isa = XCConfigurationList;
			buildConfigurations = (
				DE10C94B1A46AE0A003FCDAE /* Debug */,
				DE10C94C1A46AE0A003FCDAE /* Release */,
			);
			defaultConfigurationIsVisible = 0;
			defaultConfigurationName = Release;
		};
		DE10C94D1A46AE0A003FCDAE /* Build configuration list for PBXNativeTarget "request" */ = {
			isa = XCConfigurationList;
			buildConfigurations = (
				DE10C94E1A46AE0A003FCDAE /* Debug */,
				DE10C94F1A46AE0A003FCDAE /* Release */,
			);
			defaultConfigurationIsVisible = 0;
		};
		DE10C9501A46AE0A003FCDAE /* Build configuration list for PBXNativeTarget "requestTests" */ = {
			isa = XCConfigurationList;
			buildConfigurations = (
				DE10C9511A46AE0A003FCDAE /* Debug */,
				DE10C9521A46AE0A003FCDAE /* Release */,
			);
			defaultConfigurationIsVisible = 0;
		};
/* End XCConfigurationList section */
	};
	rootObject = DE10C9221A46AE0A003FCDAE /* Project object */;
}
